
Microsoft Visual Studio Solution File, Format Version 12.00
# Visual Studio Version 17
VisualStudioVersion = 17.3.32929.385
MinimumVisualStudioVersion = 10.0.40219.1
Project("{FAE04EC0-301F-11D3-BF4B-00C04F79EFBC}") = "RazorTees", "RazorTees\RazorTees.csproj", "{B9EE7E1B-399E-4639-90F3-2FB15CC12351}"
EndProject
Global
	GlobalSection(SolutionConfigurationPlatforms) = preSolution
		Debug|Any CPU = Debug|Any CPU
		Release|Any CPU = Release|Any CPU
	EndGlobalSection
	GlobalSection(ProjectConfigurationPlatforms) = postSolution
		{B9EE7E1B-399E-4639-90F3-2FB15CC12351}.Debug|Any CPU.ActiveCfg = Debug|Any CPU
		{B9EE7E1B-399E-4639-90F3-2FB15CC12351}.Debug|Any CPU.Build.0 = Debug|Any CPU
		{B9EE7E1B-399E-4639-90F3-2FB15CC12351}.Release|Any CPU.ActiveCfg = Release|Any CPU
		{B9EE7E1B-399E-4639-90F3-2FB15CC12351}.Release|Any CPU.Build.0 = Release|Any CPU
	EndGlobalSection
	GlobalSection(SolutionProperties) = preSolution
		HideSolutionNode = FALSE
	EndGlobalSection
	GlobalSection(ExtensibilityGlobals) = postSolution
		SolutionGuid = {11CBA31E-5E27-493E-8135-EE5FC5DF96EB}
	EndGlobalSection
EndGlobal
